// !$*UTF8*$!
{
	archiveVersion = 1;
	classes = {
	};
	objectVersion = 46;
	objects = {

/* Begin PBXBuildFile section */
		01785BD31F12436C005C3AC1 /* main.m in Sources */ = {isa = PBXBuildFile; fileRef = 01785BD21F12436C005C3AC1 /* main.m */; };
		01785BD61F12436C005C3AC1 /* AppDelegate.m in Sources */ = {isa = PBXBuildFile; fileRef = 01785BD51F12436C005C3AC1 /* AppDelegate.m */; };
		01785BD91F12436C005C3AC1 /* ViewController.m in Sources */ = {isa = PBXBuildFile; fileRef = 01785BD81F12436C005C3AC1 /* ViewController.m */; };
		01785BDC1F12436C005C3AC1 /* Main.storyboard in Resources */ = {isa = PBXBuildFile; fileRef = 01785BDA1F12436C005C3AC1 /* Main.storyboard */; };
		01785BDE1F12436C005C3AC1 /* Assets.xcassets in Resources */ = {isa = PBXBuildFile; fileRef = 01785BDD1F12436C005C3AC1 /* Assets.xcassets */; };
		01785BE11F12436C005C3AC1 /* LaunchScreen.storyboard in Resources */ = {isa = PBXBuildFile; fileRef = 01785BDF1F12436C005C3AC1 /* LaunchScreen.storyboard */; };
		01E5DCB21F45D4010024AA1A /* MBProgressHUD+SZ.m in Sources */ = {isa = PBXBuildFile; fileRef = 01E5DCAE1F45D4010024AA1A /* MBProgressHUD+SZ.m */; };
		01E5DCB31F45D4010024AA1A /* MBProgressHUD.bundle in Resources */ = {isa = PBXBuildFile; fileRef = 01E5DCAF1F45D4010024AA1A /* MBProgressHUD.bundle */; };
		01E5DCB41F45D4010024AA1A /* MBProgressHUD.m in Sources */ = {isa = PBXBuildFile; fileRef = 01E5DCB11F45D4010024AA1A /* MBProgressHUD.m */; };
		01E5DCB71F45D4240024AA1A /* LoginViewModel.m in Sources */ = {isa = PBXBuildFile; fileRef = 01E5DCB61F45D4240024AA1A /* LoginViewModel.m */; };
		99F5C3DD698CC01281A4CB76 /* libPods-RACObjc.a in Frameworks */ = {isa = PBXBuildFile; fileRef = 80C0001191B27712B9008618 /* libPods-RACObjc.a */; };
/* End PBXBuildFile section */

/* Begin PBXFileReference section */
		01785BCE1F12436C005C3AC1 /* RACObjc.app */ = {isa = PBXFileReference; explicitFileType = wrapper.application; includeInIndex = 0; path = RACObjc.app; sourceTree = BUILT_PRODUCTS_DIR; };
		01785BD21F12436C005C3AC1 /* main.m */ = {isa = PBXFileReference; lastKnownFileType = sourcecode.c.objc; path = main.m; sourceTree = "<group>"; };
		01785BD41F12436C005C3AC1 /* AppDelegate.h */ = {isa = PBXFileReference; lastKnownFileType = sourcecode.c.h; path = AppDelegate.h; sourceTree = "<group>"; };
		01785BD51F12436C005C3AC1 /* AppDelegate.m */ = {isa = PBXFileReference; lastKnownFileType = sourcecode.c.objc; path = AppDelegate.m; sourceTree = "<group>"; };
		01785BD71F12436C005C3AC1 /* ViewController.h */ = {isa = PBXFileReference; lastKnownFileType = sourcecode.c.h; path = ViewController.h; sourceTree = "<group>"; };
		01785BD81F12436C005C3AC1 /* ViewController.m */ = {isa = PBXFileReference; lastKnownFileType = sourcecode.c.objc; path = ViewController.m; sourceTree = "<group>"; };
		01785BDB1F12436C005C3AC1 /* Base */ = {isa = PBXFileReference; lastKnownFileType = file.storyboard; name = Base; path = Base.lproj/Main.storyboard; sourceTree = "<group>"; };
		01785BDD1F12436C005C3AC1 /* Assets.xcassets */ = {isa = PBXFileReference; lastKnownFileType = folder.assetcatalog; path = Assets.xcassets; sourceTree = "<group>"; };
		01785BE01F12436C005C3AC1 /* Base */ = {isa = PBXFileReference; lastKnownFileType = file.storyboard; name = Base; path = Base.lproj/LaunchScreen.storyboard; sourceTree = "<group>"; };
		01785BE21F12436C005C3AC1 /* Info.plist */ = {isa = PBXFileReference; lastKnownFileType = text.plist.xml; path = Info.plist; sourceTree = "<group>"; };
		01E5DCAD1F45D4010024AA1A /* MBProgressHUD+SZ.h */ = {isa = PBXFileReference; fileEncoding = 4; lastKnownFileType = sourcecode.c.h; path = "MBProgressHUD+SZ.h"; sourceTree = "<group>"; };
		01E5DCAE1F45D4010024AA1A /* MBProgressHUD+SZ.m */ = {isa = PBXFileReference; fileEncoding = 4; lastKnownFileType = sourcecode.c.objc; path = "MBProgressHUD+SZ.m"; sourceTree = "<group>"; };
		01E5DCAF1F45D4010024AA1A /* MBProgressHUD.bundle */ = {isa = PBXFileReference; lastKnownFileType = "wrapper.plug-in"; path = MBProgressHUD.bundle; sourceTree = "<group>"; };
		01E5DCB01F45D4010024AA1A /* MBProgressHUD.h */ = {isa = PBXFileReference; fileEncoding = 4; lastKnownFileType = sourcecode.c.h; path = MBProgressHUD.h; sourceTree = "<group>"; };
		01E5DCB11F45D4010024AA1A /* MBProgressHUD.m */ = {isa = PBXFileReference; fileEncoding = 4; lastKnownFileType = sourcecode.c.objc; path = MBProgressHUD.m; sourceTree = "<group>"; };
		01E5DCB51F45D4240024AA1A /* LoginViewModel.h */ = {isa = PBXFileReference; fileEncoding = 4; lastKnownFileType = sourcecode.c.h; path = LoginViewModel.h; sourceTree = "<group>"; };
		01E5DCB61F45D4240024AA1A /* LoginViewModel.m */ = {isa = PBXFileReference; fileEncoding = 4; lastKnownFileType = sourcecode.c.objc; path = LoginViewModel.m; sourceTree = "<group>"; };
		74714FDB41450CC3E3CDA91F /* Pods-RACObjc.release.xcconfig */ = {isa = PBXFileReference; includeInIndex = 1; lastKnownFileType = text.xcconfig; name = "Pods-RACObjc.release.xcconfig"; path = "Pods/Target Support Files/Pods-RACObjc/Pods-RACObjc.release.xcconfig"; sourceTree = "<group>"; };
		80C0001191B27712B9008618 /* libPods-RACObjc.a */ = {isa = PBXFileReference; explicitFileType = archive.ar; includeInIndex = 0; path = "libPods-RACObjc.a"; sourceTree = BUILT_PRODUCTS_DIR; };
		9DBB8FE5DCF3F1078C398C00 /* Pods-RACObjc.debug.xcconfig */ = {isa = PBXFileReference; includeInIndex = 1; lastKnownFileType = text.xcconfig; name = "Pods-RACObjc.debug.xcconfig"; path = "Pods/Target Support Files/Pods-RACObjc/Pods-RACObjc.debug.xcconfig"; sourceTree = "<group>"; };
/* End PBXFileReference section */

/* Begin PBXFrameworksBuildPhase section */
		01785BCB1F12436C005C3AC1 /* Frameworks */ = {
			isa = PBXFrameworksBuildPhase;
			buildActionMask = 2147483647;
			files = (
				99F5C3DD698CC01281A4CB76 /* libPods-RACObjc.a in Frameworks */,
			);
			runOnlyForDeploymentPostprocessing = 0;
		};
/* End PBXFrameworksBuildPhase section */

/* Begin PBXGroup section */
		01785BC51F12436C005C3AC1 = {
			isa = PBXGroup;
			children = (
				01785BD01F12436C005C3AC1 /* RACObjc */,
				01785BCF1F12436C005C3AC1 /* Products */,
				8FBDB8EC0AEE39C9DCDA1EA2 /* Pods */,
				3194AFA7A43814D16CEF995D /* Frameworks */,
			);
			sourceTree = "<group>";
		};
		01785BCF1F12436C005C3AC1 /* Products */ = {
			isa = PBXGroup;
			children = (
				01785BCE1F12436C005C3AC1 /* RACObjc.app */,
			);
			name = Products;
			sourceTree = "<group>";
		};
		01785BD01F12436C005C3AC1 /* RACObjc */ = {
			isa = PBXGroup;
			children = (
				01E5DCAC1F45D4010024AA1A /* MBProgressHUD */,
				01785BD41F12436C005C3AC1 /* AppDelegate.h */,
				01785BD51F12436C005C3AC1 /* AppDelegate.m */,
				01785BD71F12436C005C3AC1 /* ViewController.h */,
				01785BD81F12436C005C3AC1 /* ViewController.m */,
				01E5DCB51F45D4240024AA1A /* LoginViewModel.h */,
				01E5DCB61F45D4240024AA1A /* LoginViewModel.m */,
				01785BDA1F12436C005C3AC1 /* Main.storyboard */,
				01785BDD1F12436C005C3AC1 /* Assets.xcassets */,
				01785BDF1F12436C005C3AC1 /* LaunchScreen.storyboard */,
				01785BE21F12436C005C3AC1 /* Info.plist */,
				01785BD11F12436C005C3AC1 /* Supporting Files */,
			);
			path = RACObjc;
			sourceTree = "<group>";
		};
		01785BD11F12436C005C3AC1 /* Supporting Files */ = {
			isa = PBXGroup;
			children = (
				01785BD21F12436C005C3AC1 /* main.m */,
			);
			name = "Supporting Files";
			sourceTree = "<group>";
		};
		01E5DCAC1F45D4010024AA1A /* MBProgressHUD */ = {
			isa = PBXGroup;
			children = (
				01E5DCAD1F45D4010024AA1A /* MBProgressHUD+SZ.h */,
				01E5DCAE1F45D4010024AA1A /* MBProgressHUD+SZ.m */,
				01E5DCAF1F45D4010024AA1A /* MBProgressHUD.bundle */,
				01E5DCB01F45D4010024AA1A /* MBProgressHUD.h */,
				01E5DCB11F45D4010024AA1A /* MBProgressHUD.m */,
			);
			path = MBProgressHUD;
			sourceTree = "<group>";
		};
		3194AFA7A43814D16CEF995D /* Frameworks */ = {
			isa = PBXGroup;
			children = (
				80C0001191B27712B9008618 /* libPods-RACObjc.a */,
			);
			name = Frameworks;
			sourceTree = "<group>";
		};
		8FBDB8EC0AEE39C9DCDA1EA2 /* Pods */ = {
			isa = PBXGroup;
			children = (
				9DBB8FE5DCF3F1078C398C00 /* Pods-RACObjc.debug.xcconfig */,
				74714FDB41450CC3E3CDA91F /* Pods-RACObjc.release.xcconfig */,
			);
			name = Pods;
			sourceTree = "<group>";
		};
/* End PBXGroup section */

/* Begin PBXNativeTarget section */
		01785BCD1F12436C005C3AC1 /* RACObjc */ = {
			isa = PBXNativeTarget;
			buildConfigurationList = 01785BE51F12436C005C3AC1 /* Build configuration list for PBXNativeTarget "RACObjc" */;
			buildPhases = (
				BEFFFDC25C835A2DEF299D12 /* [CP] Check Pods Manifest.lock */,
				01785BCA1F12436C005C3AC1 /* Sources */,
				01785BCB1F12436C005C3AC1 /* Frameworks */,
				01785BCC1F12436C005C3AC1 /* Resources */,
				5CFB211D37D5220D8333C6AB /* [CP] Embed Pods Frameworks */,
				103C380F7D443AF1A2083FF7 /* [CP] Copy Pods Resources */,
			);
			buildRules = (
			);
			dependencies = (
			);
			name = RACObjc;
			productName = RACObjc;
			productReference = 01785BCE1F12436C005C3AC1 /* RACObjc.app */;
			productType = "com.apple.product-type.application";
		};
/* End PBXNativeTarget section */

/* Begin PBXProject section */
		01785BC61F12436C005C3AC1 /* Project object */ = {
			isa = PBXProject;
			attributes = {
				LastUpgradeCheck = 0830;
				ORGANIZATIONNAME = Zahi;
				TargetAttributes = {
					01785BCD1F12436C005C3AC1 = {
						CreatedOnToolsVersion = 8.3.3;
						ProvisioningStyle = Automatic;
					};
				};
			};
			buildConfigurationList = 01785BC91F12436C005C3AC1 /* Build configuration list for PBXProject "RACObjc" */;
			compatibilityVersion = "Xcode 3.2";
			developmentRegion = English;
			hasScannedForEncodings = 0;
			knownRegions = (
				en,
				Base,
			);
			mainGroup = 01785BC51F12436C005C3AC1;
			productRefGroup = 01785BCF1F12436C005C3AC1 /* Products */;
			projectDirPath = "";
			projectRoot = "";
			targets = (
				01785BCD1F12436C005C3AC1 /* RACObjc */,
			);
		};
/* End PBXProject section */

/* Begin PBXResourcesBuildPhase section */
		01785BCC1F12436C005C3AC1 /* Resources */ = {
			isa = PBXResourcesBuildPhase;
			buildActionMask = 2147483647;
			files = (
				01785BE11F12436C005C3AC1 /* LaunchScreen.storyboard in Resources */,
				01E5DCB31F45D4010024AA1A /* MBProgressHUD.bundle in Resources */,
				01785BDE1F12436C005C3AC1 /* Assets.xcassets in Resources */,
				01785BDC1F12436C005C3AC1 /* Main.storyboard in Resources */,
			);
			runOnlyForDeploymentPostprocessing = 0;
		};
/* End PBXResourcesBuildPhase section */

/* Begin PBXShellScriptBuildPhase section */
		103C380F7D443AF1A2083FF7 /* [CP] Copy Pods Resources */ = {
			isa = PBXShellScriptBuildPhase;
			buildActionMask = 2147483647;
			files = (
			);
			inputPaths = (
			);
			name = "[CP] Copy Pods Resources";
			outputPaths = (
			);
			runOnlyForDeploymentPostprocessing = 0;
			shellPath = /bin/sh;
			shellScript = "\"${SRCROOT}/Pods/Target Support Files/Pods-RACObjc/Pods-RACObjc-resources.sh\"\n";
			showEnvVarsInLog = 0;
		};
		5CFB211D37D5220D8333C6AB /* [CP] Embed Pods Frameworks */ = {
			isa = PBXShellScriptBuildPhase;
			buildActionMask = 2147483647;
			files = (
			);
			inputPaths = (
			);
			name = "[CP] Embed Pods Frameworks";
			outputPaths = (
			);
			runOnlyForDeploymentPostprocessing = 0;
			shellPath = /bin/sh;
			shellScript = "\"${SRCROOT}/Pods/Target Support Files/Pods-RACObjc/Pods-RACObjc-frameworks.sh\"\n";
			showEnvVarsInLog = 0;
		};
		BEFFFDC25C835A2DEF299D12 /* [CP] Check Pods Manifest.lock */ = {
			isa = PBXShellScriptBuildPhase;
			buildActionMask = 2147483647;
			files = (
			);
			inputPaths = (
			);
			name = "[CP] Check Pods Manifest.lock";
			outputPaths = (
			);
			runOnlyForDeploymentPostprocessing = 0;
			shellPath = /bin/sh;
			shellScript = "diff \"${PODS_ROOT}/../Podfile.lock\" \"${PODS_ROOT}/Manifest.lock\" > /dev/null\nif [ $? != 0 ] ; then\n    # print error to STDERR\n    echo \"error: The sandbox is not in sync with the Podfile.lock. Run 'pod install' or update your CocoaPods installation.\" >&2\n    exit 1\nfi\n";
			showEnvVarsInLog = 0;
		};
/* End PBXShellScriptBuildPhase section */

/* Begin PBXSourcesBuildPhase section */
		01785BCA1F12436C005C3AC1 /* Sources */ = {
			isa = PBXSourcesBuildPhase;
			buildActionMask = 2147483647;
			files = (
				01E5DCB71F45D4240024AA1A /* LoginViewModel.m in Sources */,
				01785BD91F12436C005C3AC1 /* ViewController.m in Sources */,
				01785BD61F12436C005C3AC1 /* AppDelegate.m in Sources */,
				01E5DCB41F45D4010024AA1A /* MBProgressHUD.m in Sources */,
				01E5DCB21F45D4010024AA1A /* MBProgressHUD+SZ.m in Sources */,
				01785BD31F12436C005C3AC1 /* main.m in Sources */,
			);
			runOnlyForDeploymentPostprocessing = 0;
		};
/* End PBXSourcesBuildPhase section */

/* Begin PBXVariantGroup section */
		01785BDA1F12436C005C3AC1 /* Main.storyboard */ = {
			isa = PBXVariantGroup;
			children = (
				01785BDB1F12436C005C3AC1 /* Base */,
			);
			name = Main.storyboard;
			sourceTree = "<group>";
		};
		01785BDF1F12436C005C3AC1 /* LaunchScreen.storyboard */ = {
			isa = PBXVariantGroup;
			children = (
				01785BE01F12436C005C3AC1 /* Base */,
			);
			name = LaunchScreen.storyboard;
			sourceTree = "<group>";
		};
/* End PBXVariantGroup section */

/* Begin XCBuildConfiguration section */
		01785BE31F12436C005C3AC1 /* Debug */ = {
			isa = XCBuildConfiguration;
			buildSettings = {
				ALWAYS_SEARCH_USER_PATHS = NO;
				CLANG_ANALYZER_NONNULL = YES;
				CLANG_ANALYZER_NUMBER_OBJECT_CONVERSION = YES_AGGRESSIVE;
				CLANG_CXX_LANGUAGE_STANDARD = "gnu++0x";
				CLANG_CXX_LIBRARY = "libc++";
				CLANG_ENABLE_MODULES = YES;
				CLANG_ENABLE_OBJC_ARC = YES;
				CLANG_WARN_BOOL_CONVERSION = YES;
				CLANG_WARN_CONSTANT_CONVERSION = YES;
				CLANG_WARN_DIRECT_OBJC_ISA_USAGE = YES_ERROR;
				CLANG_WARN_DOCUMENTATION_COMMENTS = YES;
				CLANG_WARN_EMPTY_BODY = YES;
				CLANG_WARN_ENUM_CONVERSION = YES;
				CLANG_WARN_INFINITE_RECURSION = YES;
				CLANG_WARN_INT_CONVERSION = YES;
				CLANG_WARN_OBJC_ROOT_CLASS = YES_ERROR;
				CLANG_WARN_SUSPICIOUS_MOVE = YES;
				CLANG_WARN_UNREACHABLE_CODE = YES;
				CLANG_WARN__DUPLICATE_METHOD_MATCH = YES;
				"CODE_SIGN_IDENTITY[sdk=iphoneos*]" = "iPhone Developer";
				COPY_PHASE_STRIP = NO;
				DEBUG_INFORMATION_FORMAT = dwarf;
				ENABLE_STRICT_OBJC_MSGSEND = YES;
				ENABLE_TESTABILITY = YES;
				GCC_C_LANGUAGE_STANDARD = gnu99;
				GCC_DYNAMIC_NO_PIC = NO;
				GCC_NO_COMMON_BLOCKS = YES;
				GCC_OPTIMIZATION_LEVEL = 0;
				GCC_PREPROCESSOR_DEFINITIONS = (
					"DEBUG=1",
					"$(inherited)",
				);
				GCC_WARN_64_TO_32_BIT_CONVERSION = YES;
				GCC_WARN_ABOUT_RETURN_TYPE = YES_ERROR;
				GCC_WARN_UNDECLARED_SELECTOR = YES;
				GCC_WARN_UNINITIALIZED_AUTOS = YES_AGGRESSIVE;
				GCC_WARN_UNUSED_FUNCTION = YES;
				GCC_WARN_UNUSED_VARIABLE = YES;
				IPHONEOS_DEPLOYMENT_TARGET = 10.3;
				MTL_ENABLE_DEBUG_INFO = YES;
				ONLY_ACTIVE_ARCH = YES;
				SDKROOT = iphoneos;
			};
			name = Debug;
		};
		01785BE41F12436C005C3AC1 /* Release */ = {
			isa = XCBuildConfiguration;
			buildSettings = {
				ALWAYS_SEARCH_USER_PATHS = NO;
				CLANG_ANALYZER_NONNULL = YES;
				CLANG_ANALYZER_NUMBER_OBJECT_CONVERSION = YES_AGGRESSIVE;
				CLANG_CXX_LANGUAGE_STANDARD = "gnu++0x";
				CLANG_CXX_LIBRARY = "libc++";
				CLANG_ENABLE_MODULES = YES;
				CLANG_ENABLE_OBJC_ARC = YES;
				CLANG_WARN_BOOL_CONVERSION = YES;
				CLANG_WARN_CONSTANT_CONVERSION = YES;
				CLANG_WARN_DIRECT_OBJC_ISA_USAGE = YES_ERROR;
				CLANG_WARN_DOCUMENTATION_COMMENTS = YES;
				CLANG_WARN_EMPTY_BODY = YES;
				CLANG_WARN_ENUM_CONVERSION = YES;
				CLANG_WARN_INFINITE_RECURSION = YES;
				CLANG_WARN_INT_CONVERSION = YES;
				CLANG_WARN_OBJC_ROOT_CLASS = YES_ERROR;
				CLANG_WARN_SUSPICIOUS_MOVE = YES;
				CLANG_WARN_UNREACHABLE_CODE = YES;
				CLANG_WARN__DUPLICATE_METHOD_MATCH = YES;
				"CODE_SIGN_IDENTITY[sdk=iphoneos*]" = "iPhone Developer";
				COPY_PHASE_STRIP = NO;
				DEBUG_INFORMATION_FORMAT = "dwarf-with-dsym";
				ENABLE_NS_ASSERTIONS = NO;
				ENABLE_STRICT_OBJC_MSGSEND = YES;
				GCC_C_LANGUAGE_STANDARD = gnu99;
				GCC_NO_COMMON_BLOCKS = YES;
				GCC_WARN_64_TO_32_BIT_CONVERSION = YES;
				GCC_WARN_ABOUT_RETURN_TYPE = YES_ERROR;
				GCC_WARN_UNDECLARED_SELECTOR = YES;
				GCC_WARN_UNINITIALIZED_AUTOS = YES_AGGRESSIVE;
				GCC_WARN_UNUSED_FUNCTION = YES;
				GCC_WARN_UNUSED_VARIABLE = YES;
				IPHONEOS_DEPLOYMENT_TARGET = 10.3;
				MTL_ENABLE_DEBUG_INFO = NO;
				SDKROOT = iphoneos;
				VALIDATE_PRODUCT = YES;
			};
			name = Release;
		};
		01785BE61F12436C005C3AC1 /* Debug */ = {
			isa = XCBuildConfiguration;
			baseConfigurationReference = 9DBB8FE5DCF3F1078C398C00 /* Pods-RACObjc.debug.xcconfig */;
			buildSettings = {
				ASSETCATALOG_COMPILER_APPICON_NAME = AppIcon;
				INFOPLIST_FILE = RACObjc/Info.plist;
				LD_RUNPATH_SEARCH_PATHS = "$(inherited) @executable_path/Frameworks";
				PRODUCT_BUNDLE_IDENTIFIER = com.zahi.RACObjc;
				PRODUCT_NAME = "$(TARGET_NAME)";
			};
			name = Debug;
		};
		01785BE71F12436C005C3AC1 /* Release */ = {
			isa = XCBuildConfiguration;
			baseConfigurationReference = 74714FDB41450CC3E3CDA91F /* Pods-RACObjc.release.xcconfig */;
			buildSettings = {
				ASSETCATALOG_COMPILER_APPICON_NAME = AppIcon;
				INFOPLIST_FILE = RACObjc/Info.plist;
				LD_RUNPATH_SEARCH_PATHS = "$(inherited) @executable_path/Frameworks";
				PRODUCT_BUNDLE_IDENTIFIER = com.zahi.RACObjc;
				PRODUCT_NAME = "$(TARGET_NAME)";
			};
			name = Release;
		};
/* End XCBuildConfiguration section */

/* Begin XCConfigurationList section */
		01785BC91F12436C005C3AC1 /* Build configuration list for PBXProject "RACObjc" */ = {
			isa = XCConfigurationList;
			buildConfigurations = (
				01785BE31F12436C005C3AC1 /* Debug */,
				01785BE41F12436C005C3AC1 /* Release */,
			);
			defaultConfigurationIsVisible = 0;
			defaultConfigurationName = Release;
		};
		01785BE51F12436C005C3AC1 /* Build configuration list for PBXNativeTarget "RACObjc" */ = {
			isa = XCConfigurationList;
			buildConfigurations = (
				01785BE61F12436C005C3AC1 /* Debug */,
				01785BE71F12436C005C3AC1 /* Release */,
			);
			defaultConfigurationIsVisible = 0;
			defaultConfigurationName = Release;
		};
/* End XCConfigurationList section */
	};
	rootObject = 01785BC61F12436C005C3AC1 /* Project object */;
}
